PODS:
  - Flutter (1.0.0)
  - flutter_infonline_library (0.10.5):
    - Flutter

DEPENDENCIES:
  - Flutter (from `Flutter`)
  - flutter_infonline_library (from `.symlinks/plugins/flutter_infonline_library/ios`)

EXTERNAL SOURCES:
  Flutter:
    :path: Flutter
  flutter_infonline_library:
    :path: ".symlinks/plugins/flutter_infonline_library/ios"

SPEC CHECKSUMS:
  Flutter: e0871f40cf51350855a761d2e70bf5af5b9b5de7
  flutter_infonline_library: 1b854f6233f4772c827fadceb5d91dad4acefa72

PODFILE CHECKSUM: 4e8f8b2be68aeea4c0d5beb6ff1e79fface1d048

COCOAPODS: 1.15.0
