PODS:
  - Flutter (1.0.0)
  - flutter_infonline_library (0.11.14):
    - Flutter

DEPENDENCIES:
  - Flutter (from `Flutter`)
  - flutter_infonline_library (from `.symlinks/plugins/flutter_infonline_library/ios`)

EXTERNAL SOURCES:
  Flutter:
    :path: Flutter
  flutter_infonline_library:
    :path: ".symlinks/plugins/flutter_infonline_library/ios"

SPEC CHECKSUMS:
  Flutter: e0871f40cf51350855a761d2e70bf5af5b9b5de7
  flutter_infonline_library: 3d1ebb2eaff7b2ce227a8bb0af87180a3a4e0450

PODFILE CHECKSUM: bd295fc198b245bb51189c8140d55e735c8dd822

COCOAPODS: 1.15.2
